
Microsoft Visual Studio Solution File, Format Version 11.00
# Visual Studio 2010
Project("{FAE04EC0-301F-11D3-BF4B-00C04F79EFBC}") = "YouTrack.Rest", "YouTrack.Rest\YouTrack.Rest.csproj", "{DF17421E-5AF6-4855-9CB7-73D075CCC9F7}"
EndProject
Project("{FAE04EC0-301F-11D3-BF4B-00C04F79EFBC}") = "YouTrack.Rest.Tests", "YouTrack.Rest.Tests\YouTrack.Rest.Tests.csproj", "{EE11F3B7-FC39-48EA-AAE5-DC4559465FF1}"
EndProject
Project("{FAE04EC0-301F-11D3-BF4B-00C04F79EFBC}") = "YouTrack.Rest.Features", "YouTrack.Rest.Features\YouTrack.Rest.Features.csproj", "{00A3FBA0-F2E3-46E5-9287-F1753683B084}"
EndProject
Global
	GlobalSection(SolutionConfigurationPlatforms) = preSolution
		Debug|Any CPU = Debug|Any CPU
		Release|Any CPU = Release|Any CPU
	EndGlobalSection
	GlobalSection(ProjectConfigurationPlatforms) = postSolution
		{DF17421E-5AF6-4855-9CB7-73D075CCC9F7}.Debug|Any CPU.ActiveCfg = Debug|Any CPU
		{DF17421E-5AF6-4855-9CB7-73D075CCC9F7}.Debug|Any CPU.Build.0 = Debug|Any CPU
		{DF17421E-5AF6-4855-9CB7-73D075CCC9F7}.Release|Any CPU.ActiveCfg = Release|Any CPU
		{DF17421E-5AF6-4855-9CB7-73D075CCC9F7}.Release|Any CPU.Build.0 = Release|Any CPU
		{EE11F3B7-FC39-48EA-AAE5-DC4559465FF1}.Debug|Any CPU.ActiveCfg = Debug|Any CPU
		{EE11F3B7-FC39-48EA-AAE5-DC4559465FF1}.Debug|Any CPU.Build.0 = Debug|Any CPU
		{EE11F3B7-FC39-48EA-AAE5-DC4559465FF1}.Release|Any CPU.ActiveCfg = Release|Any CPU
		{EE11F3B7-FC39-48EA-AAE5-DC4559465FF1}.Release|Any CPU.Build.0 = Release|Any CPU
		{00A3FBA0-F2E3-46E5-9287-F1753683B084}.Debug|Any CPU.ActiveCfg = Debug|Any CPU
		{00A3FBA0-F2E3-46E5-9287-F1753683B084}.Debug|Any CPU.Build.0 = Debug|Any CPU
		{00A3FBA0-F2E3-46E5-9287-F1753683B084}.Release|Any CPU.ActiveCfg = Release|Any CPU
		{00A3FBA0-F2E3-46E5-9287-F1753683B084}.Release|Any CPU.Build.0 = Release|Any CPU
	EndGlobalSection
	GlobalSection(SolutionProperties) = preSolution
		HideSolutionNode = FALSE
	EndGlobalSection
EndGlobal
